// !$*UTF8*$!
{
	archiveVersion = 1;
	classes = {
	};
	objectVersion = 50;
	objects = {

/* Begin PBXBuildFile section */
		AF232B482328398700BCEE4C /* QuizFlowCoordinator.swift in Sources */ = {isa = PBXBuildFile; fileRef = AF232B472328398700BCEE4C /* QuizFlowCoordinator.swift */; };
		AF232B4A23283E0600BCEE4C /* QuizViewController.swift in Sources */ = {isa = PBXBuildFile; fileRef = AF232B4923283E0600BCEE4C /* QuizViewController.swift */; };
		AF232B4D23283E4600BCEE4C /* Quiz.storyboard in Resources */ = {isa = PBXBuildFile; fileRef = AF232B4C23283E4600BCEE4C /* Quiz.storyboard */; };
		AF3ED1A623252D4B0087B62B /* dDimSep.mp3 in Resources */ = {isa = PBXBuildFile; fileRef = AF3ED19423252D4A0087B62B /* dDimSep.mp3 */; };
		AF3ED1A723252D4B0087B62B /* gAugSep.mp3 in Resources */ = {isa = PBXBuildFile; fileRef = AF3ED19523252D4A0087B62B /* gAugSep.mp3 */; };
		AF3ED1A823252D4B0087B62B /* cDimSep.mp3 in Resources */ = {isa = PBXBuildFile; fileRef = AF3ED19623252D4A0087B62B /* cDimSep.mp3 */; };
		AF3ED1A923252D4B0087B62B /* gMajSep.mp3 in Resources */ = {isa = PBXBuildFile; fileRef = AF3ED19723252D4A0087B62B /* gMajSep.mp3 */; };
		AF3ED1AA23252D4B0087B62B /* cMajSep.mp3 in Resources */ = {isa = PBXBuildFile; fileRef = AF3ED19823252D4A0087B62B /* cMajSep.mp3 */; };
		AF3ED1AB23252D4B0087B62B /* cAug.mp3 in Resources */ = {isa = PBXBuildFile; fileRef = AF3ED19923252D4A0087B62B /* cAug.mp3 */; };
		AF3ED1AC23252D4B0087B62B /* eAugSep.mp3 in Resources */ = {isa = PBXBuildFile; fileRef = AF3ED19A23252D4A0087B62B /* eAugSep.mp3 */; };
		AF3ED1AD23252D4B0087B62B /* fDimSep.mp3 in Resources */ = {isa = PBXBuildFile; fileRef = AF3ED19B23252D4A0087B62B /* fDimSep.mp3 */; };
		AF3ED1AE23252D4B0087B62B /* DmSep.mp3 in Resources */ = {isa = PBXBuildFile; fileRef = AF3ED19C23252D4A0087B62B /* DmSep.mp3 */; };
		AF3ED1AF23252D4B0087B62B /* cDim.mp3 in Resources */ = {isa = PBXBuildFile; fileRef = AF3ED19D23252D4A0087B62B /* cDim.mp3 */; };
		AF3ED1B023252D4B0087B62B /* AmSep.mp3 in Resources */ = {isa = PBXBuildFile; fileRef = AF3ED19E23252D4A0087B62B /* AmSep.mp3 */; };
		AF3ED1B123252D4B0087B62B /* cAugSep.mp3 in Resources */ = {isa = PBXBuildFile; fileRef = AF3ED19F23252D4A0087B62B /* cAugSep.mp3 */; };
		AF3ED1B223252D4B0087B62B /* dDim.mp3 in Resources */ = {isa = PBXBuildFile; fileRef = AF3ED1A023252D4A0087B62B /* dDim.mp3 */; };
		AF3ED1B323252D4B0087B62B /* eAug.mp3 in Resources */ = {isa = PBXBuildFile; fileRef = AF3ED1A123252D4B0087B62B /* eAug.mp3 */; };
		AF3ED1B423252D4B0087B62B /* fDim.mp3 in Resources */ = {isa = PBXBuildFile; fileRef = AF3ED1A223252D4B0087B62B /* fDim.mp3 */; };
		AF3ED1B523252D4B0087B62B /* fmSep.mp3 in Resources */ = {isa = PBXBuildFile; fileRef = AF3ED1A323252D4B0087B62B /* fmSep.mp3 */; };
		AF3ED1B623252D4B0087B62B /* gAug.mp3 in Resources */ = {isa = PBXBuildFile; fileRef = AF3ED1A423252D4B0087B62B /* gAug.mp3 */; };
		AF3ED1B723252D4B0087B62B /* eMajSep.mp3 in Resources */ = {isa = PBXBuildFile; fileRef = AF3ED1A523252D4B0087B62B /* eMajSep.mp3 */; };
		AF3ED1B923252F7B0087B62B /* Am.mp3 in Resources */ = {isa = PBXBuildFile; fileRef = AF3ED1B823252F7A0087B62B /* Am.mp3 */; };
		AF3ED1BB23252FA40087B62B /* Fm.mp3 in Resources */ = {isa = PBXBuildFile; fileRef = AF3ED1BA23252FA40087B62B /* Fm.mp3 */; };
		AF3ED1C023252FC70087B62B /* Emaj.mp3 in Resources */ = {isa = PBXBuildFile; fileRef = AF3ED1BC23252FC70087B62B /* Emaj.mp3 */; };
		AF3ED1C123252FC70087B62B /* Dm.mp3 in Resources */ = {isa = PBXBuildFile; fileRef = AF3ED1BD23252FC70087B62B /* Dm.mp3 */; };
		AF3ED1C223252FC70087B62B /* Gmaj.mp3 in Resources */ = {isa = PBXBuildFile; fileRef = AF3ED1BE23252FC70087B62B /* Gmaj.mp3 */; };
		AF3ED1C323252FC70087B62B /* Cmaj.mp3 in Resources */ = {isa = PBXBuildFile; fileRef = AF3ED1BF23252FC70087B62B /* Cmaj.mp3 */; };
		AF3ED1C5232533E20087B62B /* QuizSettingsViewController.swift in Sources */ = {isa = PBXBuildFile; fileRef = AF3ED1C4232533E20087B62B /* QuizSettingsViewController.swift */; };
		AF4360E4230254D10027A4BA /* Quiz.swift in Sources */ = {isa = PBXBuildFile; fileRef = AF4360E3230254D10027A4BA /* Quiz.swift */; };
		AF4360E6230255BB0027A4BA /* Sound.swift in Sources */ = {isa = PBXBuildFile; fileRef = AF4360E5230255BB0027A4BA /* Sound.swift */; };
		AF4360E8230264040027A4BA /* SoundStore.swift in Sources */ = {isa = PBXBuildFile; fileRef = AF4360E7230264040027A4BA /* SoundStore.swift */; };
		AF4360EA230266C10027A4BA /* QuizStore.swift in Sources */ = {isa = PBXBuildFile; fileRef = AF4360E9230266C10027A4BA /* QuizStore.swift */; };
		AF4E68D122F79DCC006E8094 /* Storyboarded.swift in Sources */ = {isa = PBXBuildFile; fileRef = AF4E68D022F79DCC006E8094 /* Storyboarded.swift */; };
		AFBA4A8822F65D3F00B6DDA7 /* AppDelegate.swift in Sources */ = {isa = PBXBuildFile; fileRef = AFBA4A8722F65D3F00B6DDA7 /* AppDelegate.swift */; };
		AFBA4A8A22F65D3F00B6DDA7 /* ViewController.swift in Sources */ = {isa = PBXBuildFile; fileRef = AFBA4A8922F65D3F00B6DDA7 /* ViewController.swift */; };
		AFBA4A8D22F65D3F00B6DDA7 /* Main.storyboard in Resources */ = {isa = PBXBuildFile; fileRef = AFBA4A8B22F65D3F00B6DDA7 /* Main.storyboard */; };
		AFBA4A8F22F65D4100B6DDA7 /* Assets.xcassets in Resources */ = {isa = PBXBuildFile; fileRef = AFBA4A8E22F65D4100B6DDA7 /* Assets.xcassets */; };
		AFBA4A9222F65D4100B6DDA7 /* LaunchScreen.storyboard in Resources */ = {isa = PBXBuildFile; fileRef = AFBA4A9022F65D4100B6DDA7 /* LaunchScreen.storyboard */; };
		AFBA4A9C22F65F2200B6DDA7 /* HomeFlowCoordinator.swift in Sources */ = {isa = PBXBuildFile; fileRef = AFBA4A9B22F65F2200B6DDA7 /* HomeFlowCoordinator.swift */; };
		AFBA4A9F22F65F7400B6DDA7 /* Home.storyboard in Resources */ = {isa = PBXBuildFile; fileRef = AFBA4A9E22F65F7400B6DDA7 /* Home.storyboard */; };
		AFBA4AA122F65F9B00B6DDA7 /* HomeViewController.swift in Sources */ = {isa = PBXBuildFile; fileRef = AFBA4AA022F65F9B00B6DDA7 /* HomeViewController.swift */; };
		AFBA4AA322F6655B00B6DDA7 /* HomeTableViewCell.swift in Sources */ = {isa = PBXBuildFile; fileRef = AFBA4AA222F6655B00B6DDA7 /* HomeTableViewCell.swift */; };
/* End PBXBuildFile section */

/* Begin PBXFileReference section */
		AF232B472328398700BCEE4C /* QuizFlowCoordinator.swift */ = {isa = PBXFileReference; lastKnownFileType = sourcecode.swift; path = QuizFlowCoordinator.swift; sourceTree = "<group>"; };
		AF232B4923283E0600BCEE4C /* QuizViewController.swift */ = {isa = PBXFileReference; lastKnownFileType = sourcecode.swift; path = QuizViewController.swift; sourceTree = "<group>"; };
		AF232B4C23283E4600BCEE4C /* Quiz.storyboard */ = {isa = PBXFileReference; lastKnownFileType = file.storyboard; path = Quiz.storyboard; sourceTree = "<group>"; };
		AF3ED19423252D4A0087B62B /* dDimSep.mp3 */ = {isa = PBXFileReference; lastKnownFileType = audio.mp3; path = dDimSep.mp3; sourceTree = "<group>"; };
		AF3ED19523252D4A0087B62B /* gAugSep.mp3 */ = {isa = PBXFileReference; lastKnownFileType = audio.mp3; path = gAugSep.mp3; sourceTree = "<group>"; };
		AF3ED19623252D4A0087B62B /* cDimSep.mp3 */ = {isa = PBXFileReference; lastKnownFileType = audio.mp3; path = cDimSep.mp3; sourceTree = "<group>"; };
		AF3ED19723252D4A0087B62B /* gMajSep.mp3 */ = {isa = PBXFileReference; lastKnownFileType = audio.mp3; path = gMajSep.mp3; sourceTree = "<group>"; };
		AF3ED19823252D4A0087B62B /* cMajSep.mp3 */ = {isa = PBXFileReference; lastKnownFileType = audio.mp3; path = cMajSep.mp3; sourceTree = "<group>"; };
		AF3ED19923252D4A0087B62B /* cAug.mp3 */ = {isa = PBXFileReference; lastKnownFileType = audio.mp3; path = cAug.mp3; sourceTree = "<group>"; };
		AF3ED19A23252D4A0087B62B /* eAugSep.mp3 */ = {isa = PBXFileReference; lastKnownFileType = audio.mp3; path = eAugSep.mp3; sourceTree = "<group>"; };
		AF3ED19B23252D4A0087B62B /* fDimSep.mp3 */ = {isa = PBXFileReference; lastKnownFileType = audio.mp3; path = fDimSep.mp3; sourceTree = "<group>"; };
		AF3ED19C23252D4A0087B62B /* DmSep.mp3 */ = {isa = PBXFileReference; lastKnownFileType = audio.mp3; path = DmSep.mp3; sourceTree = "<group>"; };
		AF3ED19D23252D4A0087B62B /* cDim.mp3 */ = {isa = PBXFileReference; lastKnownFileType = audio.mp3; path = cDim.mp3; sourceTree = "<group>"; };
		AF3ED19E23252D4A0087B62B /* AmSep.mp3 */ = {isa = PBXFileReference; lastKnownFileType = audio.mp3; path = AmSep.mp3; sourceTree = "<group>"; };
		AF3ED19F23252D4A0087B62B /* cAugSep.mp3 */ = {isa = PBXFileReference; lastKnownFileType = audio.mp3; path = cAugSep.mp3; sourceTree = "<group>"; };
		AF3ED1A023252D4A0087B62B /* dDim.mp3 */ = {isa = PBXFileReference; lastKnownFileType = audio.mp3; path = dDim.mp3; sourceTree = "<group>"; };
		AF3ED1A123252D4B0087B62B /* eAug.mp3 */ = {isa = PBXFileReference; lastKnownFileType = audio.mp3; path = eAug.mp3; sourceTree = "<group>"; };
		AF3ED1A223252D4B0087B62B /* fDim.mp3 */ = {isa = PBXFileReference; lastKnownFileType = audio.mp3; path = fDim.mp3; sourceTree = "<group>"; };
		AF3ED1A323252D4B0087B62B /* fmSep.mp3 */ = {isa = PBXFileReference; lastKnownFileType = audio.mp3; path = fmSep.mp3; sourceTree = "<group>"; };
		AF3ED1A423252D4B0087B62B /* gAug.mp3 */ = {isa = PBXFileReference; lastKnownFileType = audio.mp3; path = gAug.mp3; sourceTree = "<group>"; };
		AF3ED1A523252D4B0087B62B /* eMajSep.mp3 */ = {isa = PBXFileReference; lastKnownFileType = audio.mp3; path = eMajSep.mp3; sourceTree = "<group>"; };
		AF3ED1B823252F7A0087B62B /* Am.mp3 */ = {isa = PBXFileReference; lastKnownFileType = audio.mp3; path = Am.mp3; sourceTree = "<group>"; };
		AF3ED1BA23252FA40087B62B /* Fm.mp3 */ = {isa = PBXFileReference; lastKnownFileType = audio.mp3; path = Fm.mp3; sourceTree = "<group>"; };
		AF3ED1BC23252FC70087B62B /* Emaj.mp3 */ = {isa = PBXFileReference; lastKnownFileType = audio.mp3; path = Emaj.mp3; sourceTree = "<group>"; };
		AF3ED1BD23252FC70087B62B /* Dm.mp3 */ = {isa = PBXFileReference; lastKnownFileType = audio.mp3; path = Dm.mp3; sourceTree = "<group>"; };
		AF3ED1BE23252FC70087B62B /* Gmaj.mp3 */ = {isa = PBXFileReference; lastKnownFileType = audio.mp3; path = Gmaj.mp3; sourceTree = "<group>"; };
		AF3ED1BF23252FC70087B62B /* Cmaj.mp3 */ = {isa = PBXFileReference; lastKnownFileType = audio.mp3; path = Cmaj.mp3; sourceTree = "<group>"; };
		AF3ED1C4232533E20087B62B /* QuizSettingsViewController.swift */ = {isa = PBXFileReference; lastKnownFileType = sourcecode.swift; path = QuizSettingsViewController.swift; sourceTree = "<group>"; };
		AF4360E3230254D10027A4BA /* Quiz.swift */ = {isa = PBXFileReference; lastKnownFileType = sourcecode.swift; path = Quiz.swift; sourceTree = "<group>"; };
		AF4360E5230255BB0027A4BA /* Sound.swift */ = {isa = PBXFileReference; lastKnownFileType = sourcecode.swift; path = Sound.swift; sourceTree = "<group>"; };
		AF4360E7230264040027A4BA /* SoundStore.swift */ = {isa = PBXFileReference; lastKnownFileType = sourcecode.swift; path = SoundStore.swift; sourceTree = "<group>"; };
		AF4360E9230266C10027A4BA /* QuizStore.swift */ = {isa = PBXFileReference; lastKnownFileType = sourcecode.swift; path = QuizStore.swift; sourceTree = "<group>"; };
		AF4E68D022F79DCC006E8094 /* Storyboarded.swift */ = {isa = PBXFileReference; lastKnownFileType = sourcecode.swift; path = Storyboarded.swift; sourceTree = "<group>"; };
		AFBA4A8422F65D3F00B6DDA7 /* Ear Trainer.app */ = {isa = PBXFileReference; explicitFileType = wrapper.application; includeInIndex = 0; path = "Ear Trainer.app"; sourceTree = BUILT_PRODUCTS_DIR; };
		AFBA4A8722F65D3F00B6DDA7 /* AppDelegate.swift */ = {isa = PBXFileReference; lastKnownFileType = sourcecode.swift; path = AppDelegate.swift; sourceTree = "<group>"; };
		AFBA4A8922F65D3F00B6DDA7 /* ViewController.swift */ = {isa = PBXFileReference; lastKnownFileType = sourcecode.swift; path = ViewController.swift; sourceTree = "<group>"; };
		AFBA4A8C22F65D3F00B6DDA7 /* Base */ = {isa = PBXFileReference; lastKnownFileType = file.storyboard; name = Base; path = Base.lproj/Main.storyboard; sourceTree = "<group>"; };
		AFBA4A8E22F65D4100B6DDA7 /* Assets.xcassets */ = {isa = PBXFileReference; lastKnownFileType = folder.assetcatalog; path = Assets.xcassets; sourceTree = "<group>"; };
		AFBA4A9122F65D4100B6DDA7 /* Base */ = {isa = PBXFileReference; lastKnownFileType = file.storyboard; name = Base; path = Base.lproj/LaunchScreen.storyboard; sourceTree = "<group>"; };
		AFBA4A9322F65D4100B6DDA7 /* Info.plist */ = {isa = PBXFileReference; lastKnownFileType = text.plist.xml; path = Info.plist; sourceTree = "<group>"; };
		AFBA4A9B22F65F2200B6DDA7 /* HomeFlowCoordinator.swift */ = {isa = PBXFileReference; lastKnownFileType = sourcecode.swift; path = HomeFlowCoordinator.swift; sourceTree = "<group>"; };
		AFBA4A9E22F65F7400B6DDA7 /* Home.storyboard */ = {isa = PBXFileReference; lastKnownFileType = file.storyboard; path = Home.storyboard; sourceTree = "<group>"; };
		AFBA4AA022F65F9B00B6DDA7 /* HomeViewController.swift */ = {isa = PBXFileReference; lastKnownFileType = sourcecode.swift; path = HomeViewController.swift; sourceTree = "<group>"; };
		AFBA4AA222F6655B00B6DDA7 /* HomeTableViewCell.swift */ = {isa = PBXFileReference; lastKnownFileType = sourcecode.swift; path = HomeTableViewCell.swift; sourceTree = "<group>"; };
/* End PBXFileReference section */

/* Begin PBXFrameworksBuildPhase section */
		AFBA4A8122F65D3F00B6DDA7 /* Frameworks */ = {
			isa = PBXFrameworksBuildPhase;
			buildActionMask = 2147483647;
			files = (
			);
			runOnlyForDeploymentPostprocessing = 0;
		};
/* End PBXFrameworksBuildPhase section */

/* Begin PBXGroup section */
		AF232B4B23283E2100BCEE4C /* Quiz */ = {
			isa = PBXGroup;
			children = (
				AF232B4C23283E4600BCEE4C /* Quiz.storyboard */,
				AF232B4923283E0600BCEE4C /* QuizViewController.swift */,
				AF232B472328398700BCEE4C /* QuizFlowCoordinator.swift */,
			);
			path = Quiz;
			sourceTree = "<group>";
		};
		AF3ED19223252CB50087B62B /* Media */ = {
			isa = PBXGroup;
			children = (
				AF3ED19323252CC80087B62B /* Chords */,
			);
			path = Media;
			sourceTree = "<group>";
		};
		AF3ED19323252CC80087B62B /* Chords */ = {
			isa = PBXGroup;
			children = (
				AF3ED19E23252D4A0087B62B /* AmSep.mp3 */,
				AF3ED19923252D4A0087B62B /* cAug.mp3 */,
				AF3ED1B823252F7A0087B62B /* Am.mp3 */,
				AF3ED19F23252D4A0087B62B /* cAugSep.mp3 */,
				AF3ED1BF23252FC70087B62B /* Cmaj.mp3 */,
				AF3ED1BD23252FC70087B62B /* Dm.mp3 */,
				AF3ED1BC23252FC70087B62B /* Emaj.mp3 */,
				AF3ED1BE23252FC70087B62B /* Gmaj.mp3 */,
				AF3ED19D23252D4A0087B62B /* cDim.mp3 */,
				AF3ED19623252D4A0087B62B /* cDimSep.mp3 */,
				AF3ED19823252D4A0087B62B /* cMajSep.mp3 */,
				AF3ED1A023252D4A0087B62B /* dDim.mp3 */,
				AF3ED19423252D4A0087B62B /* dDimSep.mp3 */,
				AF3ED1BA23252FA40087B62B /* Fm.mp3 */,
				AF3ED19C23252D4A0087B62B /* DmSep.mp3 */,
				AF3ED1A123252D4B0087B62B /* eAug.mp3 */,
				AF3ED19A23252D4A0087B62B /* eAugSep.mp3 */,
				AF3ED1A523252D4B0087B62B /* eMajSep.mp3 */,
				AF3ED1A223252D4B0087B62B /* fDim.mp3 */,
				AF3ED19B23252D4A0087B62B /* fDimSep.mp3 */,
				AF3ED1A323252D4B0087B62B /* fmSep.mp3 */,
				AF3ED1A423252D4B0087B62B /* gAug.mp3 */,
				AF3ED19523252D4A0087B62B /* gAugSep.mp3 */,
				AF3ED19723252D4A0087B62B /* gMajSep.mp3 */,
			);
			path = Chords;
			sourceTree = "<group>";
		};
		AF4360E22302545D0027A4BA /* Data Model */ = {
			isa = PBXGroup;
			children = (
				AF4360E3230254D10027A4BA /* Quiz.swift */,
				AF4360E5230255BB0027A4BA /* Sound.swift */,
				AF4360E7230264040027A4BA /* SoundStore.swift */,
				AF4360E9230266C10027A4BA /* QuizStore.swift */,
			);
			path = "Data Model";
			sourceTree = "<group>";
		};
		AFBA4A7B22F65D3F00B6DDA7 = {
			isa = PBXGroup;
			children = (
				AFBA4A8622F65D3F00B6DDA7 /* Ear Trainer */,
				AFBA4A8522F65D3F00B6DDA7 /* Products */,
			);
			sourceTree = "<group>";
		};
		AFBA4A8522F65D3F00B6DDA7 /* Products */ = {
			isa = PBXGroup;
			children = (
				AFBA4A8422F65D3F00B6DDA7 /* Ear Trainer.app */,
			);
			name = Products;
			sourceTree = "<group>";
		};
		AFBA4A8622F65D3F00B6DDA7 /* Ear Trainer */ = {
			isa = PBXGroup;
			children = (
				AFBA4A8722F65D3F00B6DDA7 /* AppDelegate.swift */,
				AF4E68D022F79DCC006E8094 /* Storyboarded.swift */,
				AF3ED19223252CB50087B62B /* Media */,
				AF4360E22302545D0027A4BA /* Data Model */,
				AFBA4A9D22F65F5F00B6DDA7 /* Home */,
				AF232B4B23283E2100BCEE4C /* Quiz */,
				AFBA4A8922F65D3F00B6DDA7 /* ViewController.swift */,
				AFBA4A8B22F65D3F00B6DDA7 /* Main.storyboard */,
				AFBA4A8E22F65D4100B6DDA7 /* Assets.xcassets */,
				AFBA4A9022F65D4100B6DDA7 /* LaunchScreen.storyboard */,
				AFBA4A9322F65D4100B6DDA7 /* Info.plist */,
			);
			path = "Ear Trainer";
			sourceTree = "<group>";
		};
		AFBA4A9D22F65F5F00B6DDA7 /* Home */ = {
			isa = PBXGroup;
			children = (
				AFBA4A9E22F65F7400B6DDA7 /* Home.storyboard */,
				AFBA4A9B22F65F2200B6DDA7 /* HomeFlowCoordinator.swift */,
				AFBA4AA022F65F9B00B6DDA7 /* HomeViewController.swift */,
				AF3ED1C4232533E20087B62B /* QuizSettingsViewController.swift */,
				AFBA4AA222F6655B00B6DDA7 /* HomeTableViewCell.swift */,
			);
			path = Home;
			sourceTree = "<group>";
		};
/* End PBXGroup section */

/* Begin PBXNativeTarget section */
		AFBA4A8322F65D3F00B6DDA7 /* Ear Trainer */ = {
			isa = PBXNativeTarget;
			buildConfigurationList = AFBA4A9622F65D4100B6DDA7 /* Build configuration list for PBXNativeTarget "Ear Trainer" */;
			buildPhases = (
				AFBA4A8022F65D3F00B6DDA7 /* Sources */,
				AFBA4A8122F65D3F00B6DDA7 /* Frameworks */,
				AFBA4A8222F65D3F00B6DDA7 /* Resources */,
			);
			buildRules = (
			);
			dependencies = (
			);
			name = "Ear Trainer";
			productName = "Ear Trainer";
			productReference = AFBA4A8422F65D3F00B6DDA7 /* Ear Trainer.app */;
			productType = "com.apple.product-type.application";
		};
/* End PBXNativeTarget section */

/* Begin PBXProject section */
		AFBA4A7C22F65D3F00B6DDA7 /* Project object */ = {
			isa = PBXProject;
			attributes = {
				LastSwiftUpdateCheck = 1020;
				LastUpgradeCheck = 1020;
				ORGANIZATIONNAME = "John Jones";
				TargetAttributes = {
					AFBA4A8322F65D3F00B6DDA7 = {
						CreatedOnToolsVersion = 10.2;
					};
				};
			};
			buildConfigurationList = AFBA4A7F22F65D3F00B6DDA7 /* Build configuration list for PBXProject "Ear Trainer" */;
			compatibilityVersion = "Xcode 9.3";
			developmentRegion = en;
			hasScannedForEncodings = 0;
			knownRegions = (
				en,
				Base,
			);
			mainGroup = AFBA4A7B22F65D3F00B6DDA7;
			productRefGroup = AFBA4A8522F65D3F00B6DDA7 /* Products */;
			projectDirPath = "";
			projectRoot = "";
			targets = (
				AFBA4A8322F65D3F00B6DDA7 /* Ear Trainer */,
			);
		};
/* End PBXProject section */

/* Begin PBXResourcesBuildPhase section */
		AFBA4A8222F65D3F00B6DDA7 /* Resources */ = {
			isa = PBXResourcesBuildPhase;
			buildActionMask = 2147483647;
			files = (
				AF3ED1B023252D4B0087B62B /* AmSep.mp3 in Resources */,
				AF3ED1C323252FC70087B62B /* Cmaj.mp3 in Resources */,
				AF3ED1B123252D4B0087B62B /* cAugSep.mp3 in Resources */,
				AF3ED1B523252D4B0087B62B /* fmSep.mp3 in Resources */,
				AF3ED1B323252D4B0087B62B /* eAug.mp3 in Resources */,
				AF3ED1AE23252D4B0087B62B /* DmSep.mp3 in Resources */,
				AF232B4D23283E4600BCEE4C /* Quiz.storyboard in Resources */,
				AF3ED1A923252D4B0087B62B /* gMajSep.mp3 in Resources */,
				AF3ED1AA23252D4B0087B62B /* cMajSep.mp3 in Resources */,
				AF3ED1BB23252FA40087B62B /* Fm.mp3 in Resources */,
				AF3ED1B223252D4B0087B62B /* dDim.mp3 in Resources */,
				AF3ED1B623252D4B0087B62B /* gAug.mp3 in Resources */,
				AF3ED1AF23252D4B0087B62B /* cDim.mp3 in Resources */,
				AFBA4A9222F65D4100B6DDA7 /* LaunchScreen.storyboard in Resources */,
				AF3ED1A623252D4B0087B62B /* dDimSep.mp3 in Resources */,
				AF3ED1C123252FC70087B62B /* Dm.mp3 in Resources */,
				AFBA4A8F22F65D4100B6DDA7 /* Assets.xcassets in Resources */,
				AF3ED1AD23252D4B0087B62B /* fDimSep.mp3 in Resources */,
				AF3ED1B723252D4B0087B62B /* eMajSep.mp3 in Resources */,
				AF3ED1B923252F7B0087B62B /* Am.mp3 in Resources */,
				AF3ED1C223252FC70087B62B /* Gmaj.mp3 in Resources */,
				AF3ED1C023252FC70087B62B /* Emaj.mp3 in Resources */,
				AF3ED1AC23252D4B0087B62B /* eAugSep.mp3 in Resources */,
				AFBA4A8D22F65D3F00B6DDA7 /* Main.storyboard in Resources */,
				AF3ED1AB23252D4B0087B62B /* cAug.mp3 in Resources */,
				AFBA4A9F22F65F7400B6DDA7 /* Home.storyboard in Resources */,
				AF3ED1A823252D4B0087B62B /* cDimSep.mp3 in Resources */,
				AF3ED1B423252D4B0087B62B /* fDim.mp3 in Resources */,
				AF3ED1A723252D4B0087B62B /* gAugSep.mp3 in Resources */,
			);
			runOnlyForDeploymentPostprocessing = 0;
		};
/* End PBXResourcesBuildPhase section */

/* Begin PBXSourcesBuildPhase section */
		AFBA4A8022F65D3F00B6DDA7 /* Sources */ = {
			isa = PBXSourcesBuildPhase;
			buildActionMask = 2147483647;
			files = (
				AFBA4AA322F6655B00B6DDA7 /* HomeTableViewCell.swift in Sources */,
				AF232B482328398700BCEE4C /* QuizFlowCoordinator.swift in Sources */,
				AF4360E8230264040027A4BA /* SoundStore.swift in Sources */,
				AF4360EA230266C10027A4BA /* QuizStore.swift in Sources */,
				AF3ED1C5232533E20087B62B /* QuizSettingsViewController.swift in Sources */,
				AFBA4AA122F65F9B00B6DDA7 /* HomeViewController.swift in Sources */,
				AF4360E4230254D10027A4BA /* Quiz.swift in Sources */,
				AFBA4A9C22F65F2200B6DDA7 /* HomeFlowCoordinator.swift in Sources */,
				AF232B4A23283E0600BCEE4C /* QuizViewController.swift in Sources */,
				AFBA4A8A22F65D3F00B6DDA7 /* ViewController.swift in Sources */,
				AFBA4A8822F65D3F00B6DDA7 /* AppDelegate.swift in Sources */,
				AF4E68D122F79DCC006E8094 /* Storyboarded.swift in Sources */,
				AF4360E6230255BB0027A4BA /* Sound.swift in Sources */,
			);
			runOnlyForDeploymentPostprocessing = 0;
		};
/* End PBXSourcesBuildPhase section */

/* Begin PBXVariantGroup section */
		AFBA4A8B22F65D3F00B6DDA7 /* Main.storyboard */ = {
			isa = PBXVariantGroup;
			children = (
				AFBA4A8C22F65D3F00B6DDA7 /* Base */,
			);
			name = Main.storyboard;
			sourceTree = "<group>";
		};
		AFBA4A9022F65D4100B6DDA7 /* LaunchScreen.storyboard */ = {
			isa = PBXVariantGroup;
			children = (
				AFBA4A9122F65D4100B6DDA7 /* Base */,
			);
			name = LaunchScreen.storyboard;
			sourceTree = "<group>";
		};
/* End PBXVariantGroup section */

/* Begin XCBuildConfiguration section */
		AFBA4A9422F65D4100B6DDA7 /* Debug */ = {
			isa = XCBuildConfiguration;
			buildSettings = {
				ALWAYS_SEARCH_USER_PATHS = NO;
				CLANG_ANALYZER_NONNULL = YES;
				CLANG_ANALYZER_NUMBER_OBJECT_CONVERSION = YES_AGGRESSIVE;
				CLANG_CXX_LANGUAGE_STANDARD = "gnu++14";
				CLANG_CXX_LIBRARY = "libc++";
				CLANG_ENABLE_MODULES = YES;
				CLANG_ENABLE_OBJC_ARC = YES;
				CLANG_ENABLE_OBJC_WEAK = YES;
				CLANG_WARN_BLOCK_CAPTURE_AUTORELEASING = YES;
				CLANG_WARN_BOOL_CONVERSION = YES;
				CLANG_WARN_COMMA = YES;
				CLANG_WARN_CONSTANT_CONVERSION = YES;
				CLANG_WARN_DEPRECATED_OBJC_IMPLEMENTATIONS = YES;
				CLANG_WARN_DIRECT_OBJC_ISA_USAGE = YES_ERROR;
				CLANG_WARN_DOCUMENTATION_COMMENTS = YES;
				CLANG_WARN_EMPTY_BODY = YES;
				CLANG_WARN_ENUM_CONVERSION = YES;
				CLANG_WARN_INFINITE_RECURSION = YES;
				CLANG_WARN_INT_CONVERSION = YES;
				CLANG_WARN_NON_LITERAL_NULL_CONVERSION = YES;
				CLANG_WARN_OBJC_IMPLICIT_RETAIN_SELF = YES;
				CLANG_WARN_OBJC_LITERAL_CONVERSION = YES;
				CLANG_WARN_OBJC_ROOT_CLASS = YES_ERROR;
				CLANG_WARN_RANGE_LOOP_ANALYSIS = YES;
				CLANG_WARN_STRICT_PROTOTYPES = YES;
				CLANG_WARN_SUSPICIOUS_MOVE = YES;
				CLANG_WARN_UNGUARDED_AVAILABILITY = YES_AGGRESSIVE;
				CLANG_WARN_UNREACHABLE_CODE = YES;
				CLANG_WARN__DUPLICATE_METHOD_MATCH = YES;
				CODE_SIGN_IDENTITY = "iPhone Developer";
				COPY_PHASE_STRIP = NO;
				DEBUG_INFORMATION_FORMAT = dwarf;
				ENABLE_STRICT_OBJC_MSGSEND = YES;
				ENABLE_TESTABILITY = YES;
				GCC_C_LANGUAGE_STANDARD = gnu11;
				GCC_DYNAMIC_NO_PIC = NO;
				GCC_NO_COMMON_BLOCKS = YES;
				GCC_OPTIMIZATION_LEVEL = 0;
				GCC_PREPROCESSOR_DEFINITIONS = (
					"DEBUG=1",
					"$(inherited)",
				);
				GCC_WARN_64_TO_32_BIT_CONVERSION = YES;
				GCC_WARN_ABOUT_RETURN_TYPE = YES_ERROR;
				GCC_WARN_UNDECLARED_SELECTOR = YES;
				GCC_WARN_UNINITIALIZED_AUTOS = YES_AGGRESSIVE;
				GCC_WARN_UNUSED_FUNCTION = YES;
				GCC_WARN_UNUSED_VARIABLE = YES;
				IPHONEOS_DEPLOYMENT_TARGET = 12.2;
				MTL_ENABLE_DEBUG_INFO = INCLUDE_SOURCE;
				MTL_FAST_MATH = YES;
				ONLY_ACTIVE_ARCH = YES;
				SDKROOT = iphoneos;
				SWIFT_ACTIVE_COMPILATION_CONDITIONS = DEBUG;
				SWIFT_OPTIMIZATION_LEVEL = "-Onone";
			};
			name = Debug;
		};
		AFBA4A9522F65D4100B6DDA7 /* Release */ = {
			isa = XCBuildConfiguration;
			buildSettings = {
				ALWAYS_SEARCH_USER_PATHS = NO;
				CLANG_ANALYZER_NONNULL = YES;
				CLANG_ANALYZER_NUMBER_OBJECT_CONVERSION = YES_AGGRESSIVE;
				CLANG_CXX_LANGUAGE_STANDARD = "gnu++14";
				CLANG_CXX_LIBRARY = "libc++";
				CLANG_ENABLE_MODULES = YES;
				CLANG_ENABLE_OBJC_ARC = YES;
				CLANG_ENABLE_OBJC_WEAK = YES;
				CLANG_WARN_BLOCK_CAPTURE_AUTORELEASING = YES;
				CLANG_WARN_BOOL_CONVERSION = YES;
				CLANG_WARN_COMMA = YES;
				CLANG_WARN_CONSTANT_CONVERSION = YES;
				CLANG_WARN_DEPRECATED_OBJC_IMPLEMENTATIONS = YES;
				CLANG_WARN_DIRECT_OBJC_ISA_USAGE = YES_ERROR;
				CLANG_WARN_DOCUMENTATION_COMMENTS = YES;
				CLANG_WARN_EMPTY_BODY = YES;
				CLANG_WARN_ENUM_CONVERSION = YES;
				CLANG_WARN_INFINITE_RECURSION = YES;
				CLANG_WARN_INT_CONVERSION = YES;
				CLANG_WARN_NON_LITERAL_NULL_CONVERSION = YES;
				CLANG_WARN_OBJC_IMPLICIT_RETAIN_SELF = YES;
				CLANG_WARN_OBJC_LITERAL_CONVERSION = YES;
				CLANG_WARN_OBJC_ROOT_CLASS = YES_ERROR;
				CLANG_WARN_RANGE_LOOP_ANALYSIS = YES;
				CLANG_WARN_STRICT_PROTOTYPES = YES;
				CLANG_WARN_SUSPICIOUS_MOVE = YES;
				CLANG_WARN_UNGUARDED_AVAILABILITY = YES_AGGRESSIVE;
				CLANG_WARN_UNREACHABLE_CODE = YES;
				CLANG_WARN__DUPLICATE_METHOD_MATCH = YES;
				CODE_SIGN_IDENTITY = "iPhone Developer";
				COPY_PHASE_STRIP = NO;
				DEBUG_INFORMATION_FORMAT = "dwarf-with-dsym";
				ENABLE_NS_ASSERTIONS = NO;
				ENABLE_STRICT_OBJC_MSGSEND = YES;
				GCC_C_LANGUAGE_STANDARD = gnu11;
				GCC_NO_COMMON_BLOCKS = YES;
				GCC_WARN_64_TO_32_BIT_CONVERSION = YES;
				GCC_WARN_ABOUT_RETURN_TYPE = YES_ERROR;
				GCC_WARN_UNDECLARED_SELECTOR = YES;
				GCC_WARN_UNINITIALIZED_AUTOS = YES_AGGRESSIVE;
				GCC_WARN_UNUSED_FUNCTION = YES;
				GCC_WARN_UNUSED_VARIABLE = YES;
				IPHONEOS_DEPLOYMENT_TARGET = 12.2;
				MTL_ENABLE_DEBUG_INFO = NO;
				MTL_FAST_MATH = YES;
				SDKROOT = iphoneos;
				SWIFT_COMPILATION_MODE = wholemodule;
				SWIFT_OPTIMIZATION_LEVEL = "-O";
				VALIDATE_PRODUCT = YES;
			};
			name = Release;
		};
		AFBA4A9722F65D4100B6DDA7 /* Debug */ = {
			isa = XCBuildConfiguration;
			buildSettings = {
				ASSETCATALOG_COMPILER_APPICON_NAME = AppIcon;
				CODE_SIGN_STYLE = Automatic;
				INFOPLIST_FILE = "Ear Trainer/Info.plist";
				LD_RUNPATH_SEARCH_PATHS = (
					"$(inherited)",
					"@executable_path/Frameworks",
				);
				PRODUCT_BUNDLE_IDENTIFIER = "com.example.Ear-Trainer";
				PRODUCT_NAME = "$(TARGET_NAME)";
				SWIFT_VERSION = 5.0;
				TARGETED_DEVICE_FAMILY = "1,2";
			};
			name = Debug;
		};
		AFBA4A9822F65D4100B6DDA7 /* Release */ = {
			isa = XCBuildConfiguration;
			buildSettings = {
				ASSETCATALOG_COMPILER_APPICON_NAME = AppIcon;
				CODE_SIGN_STYLE = Automatic;
				INFOPLIST_FILE = "Ear Trainer/Info.plist";
				LD_RUNPATH_SEARCH_PATHS = (
					"$(inherited)",
					"@executable_path/Frameworks",
				);
				PRODUCT_BUNDLE_IDENTIFIER = "com.example.Ear-Trainer";
				PRODUCT_NAME = "$(TARGET_NAME)";
				SWIFT_VERSION = 5.0;
				TARGETED_DEVICE_FAMILY = "1,2";
			};
			name = Release;
		};
/* End XCBuildConfiguration section */

/* Begin XCConfigurationList section */
		AFBA4A7F22F65D3F00B6DDA7 /* Build configuration list for PBXProject "Ear Trainer" */ = {
			isa = XCConfigurationList;
			buildConfigurations = (
				AFBA4A9422F65D4100B6DDA7 /* Debug */,
				AFBA4A9522F65D4100B6DDA7 /* Release */,
			);
			defaultConfigurationIsVisible = 0;
			defaultConfigurationName = Release;
		};
		AFBA4A9622F65D4100B6DDA7 /* Build configuration list for PBXNativeTarget "Ear Trainer" */ = {
			isa = XCConfigurationList;
			buildConfigurations = (
				AFBA4A9722F65D4100B6DDA7 /* Debug */,
				AFBA4A9822F65D4100B6DDA7 /* Release */,
			);
			defaultConfigurationIsVisible = 0;
			defaultConfigurationName = Release;
		};
/* End XCConfigurationList section */
	};
	rootObject = AFBA4A7C22F65D3F00B6DDA7 /* Project object */;
}
